
Microsoft Visual Studio Solution File, Format Version 12.00
# Visual Studio Version 17
VisualStudioVersion = 17.5.33530.505
MinimumVisualStudioVersion = 10.0.40219.1
Project("{FAE04EC0-301F-11D3-BF4B-00C04F79EFBC}") = "MJRPAdmin", "MJRPAdmin.csproj", "{D4CFF16A-E49F-436E-BDFF-8CD7C693A5F1}"
EndProject
Global
	GlobalSection(SolutionConfigurationPlatforms) = preSolution
		Debug|Any CPU = Debug|Any CPU
		Release|Any CPU = Release|Any CPU
	EndGlobalSection
	GlobalSection(ProjectConfigurationPlatforms) = postSolution
		{D4CFF16A-E49F-436E-BDFF-8CD7C693A5F1}.Debug|Any CPU.ActiveCfg = Debug|Any CPU
		{D4CFF16A-E49F-436E-BDFF-8CD7C693A5F1}.Debug|Any CPU.Build.0 = Debug|Any CPU
		{D4CFF16A-E49F-436E-BDFF-8CD7C693A5F1}.Release|Any CPU.ActiveCfg = Release|Any CPU
		{D4CFF16A-E49F-436E-BDFF-8CD7C693A5F1}.Release|Any CPU.Build.0 = Release|Any CPU
	EndGlobalSection
	GlobalSection(SolutionProperties) = preSolution
		HideSolutionNode = FALSE
	EndGlobalSection
	GlobalSection(ExtensibilityGlobals) = postSolution
		SolutionGuid = {A0BA6C90-AB12-4DDC-9553-C297E9E186B8}
	EndGlobalSection
EndGlobal
